// !$*UTF8*$!
{
	archiveVersion = 1;
	classes = {
	};
	objectVersion = 50;
	objects = {

/* Begin PBXBuildFile section */
		CE5DF147266D8B46009071D3 /* AppDelegate.swift in Sources */ = {isa = PBXBuildFile; fileRef = CE5DF146266D8B46009071D3 /* AppDelegate.swift */; };
		CE5DF149266D8B46009071D3 /* SceneDelegate.swift in Sources */ = {isa = PBXBuildFile; fileRef = CE5DF148266D8B46009071D3 /* SceneDelegate.swift */; };
		CE5DF14B266D8B46009071D3 /* ViewController.swift in Sources */ = {isa = PBXBuildFile; fileRef = CE5DF14A266D8B46009071D3 /* ViewController.swift */; };
		CE5DF14E266D8B46009071D3 /* Main.storyboard in Resources */ = {isa = PBXBuildFile; fileRef = CE5DF14C266D8B46009071D3 /* Main.storyboard */; };
		CE5DF150266D8B49009071D3 /* Assets.xcassets in Resources */ = {isa = PBXBuildFile; fileRef = CE5DF14F266D8B49009071D3 /* Assets.xcassets */; };
		CE5DF153266D8B49009071D3 /* LaunchScreen.storyboard in Resources */ = {isa = PBXBuildFile; fileRef = CE5DF151266D8B49009071D3 /* LaunchScreen.storyboard */; };
		CE5DF168266D9409009071D3 /* MeetingTableViewCell.swift in Sources */ = {isa = PBXBuildFile; fileRef = CE5DF166266D9409009071D3 /* MeetingTableViewCell.swift */; };
		CE5DF169266D9409009071D3 /* MeetingTableViewCell.xib in Resources */ = {isa = PBXBuildFile; fileRef = CE5DF167266D9409009071D3 /* MeetingTableViewCell.xib */; };
		CE5DF16E266DA893009071D3 /* MeetingModel.swift in Sources */ = {isa = PBXBuildFile; fileRef = CE5DF16D266DA893009071D3 /* MeetingModel.swift */; };
		CE5DF172266DA910009071D3 /* MeetingBaseList.swift in Sources */ = {isa = PBXBuildFile; fileRef = CE5DF171266DA910009071D3 /* MeetingBaseList.swift */; };
		CE5DF176266DBF18009071D3 /* AdditionViewController.swift in Sources */ = {isa = PBXBuildFile; fileRef = CE5DF174266DBF18009071D3 /* AdditionViewController.swift */; };
		CE5DF177266DBF18009071D3 /* AdditionViewController.xib in Resources */ = {isa = PBXBuildFile; fileRef = CE5DF175266DBF18009071D3 /* AdditionViewController.xib */; };
		CE5DF17C266E23D3009071D3 /* MeetingDetailViewController.swift in Sources */ = {isa = PBXBuildFile; fileRef = CE5DF17B266E23D3009071D3 /* MeetingDetailViewController.swift */; };
		CE5DF17F266EFF7B009071D3 /* AvailableRoomsViewController.swift in Sources */ = {isa = PBXBuildFile; fileRef = CE5DF17E266EFF7B009071D3 /* AvailableRoomsViewController.swift */; };
		CE5DF18B266F0193009071D3 /* AvailableRoomsTableViewCell.swift in Sources */ = {isa = PBXBuildFile; fileRef = CE5DF189266F0193009071D3 /* AvailableRoomsTableViewCell.swift */; };
		CE5DF18C266F0193009071D3 /* AvailableRoomsTableViewCell.xib in Resources */ = {isa = PBXBuildFile; fileRef = CE5DF18A266F0193009071D3 /* AvailableRoomsTableViewCell.xib */; };
/* End PBXBuildFile section */

/* Begin PBXFileReference section */
		CE5DF143266D8B46009071D3 /* MeetingTimerNote.app */ = {isa = PBXFileReference; explicitFileType = wrapper.application; includeInIndex = 0; path = MeetingTimerNote.app; sourceTree = BUILT_PRODUCTS_DIR; };
		CE5DF146266D8B46009071D3 /* AppDelegate.swift */ = {isa = PBXFileReference; lastKnownFileType = sourcecode.swift; path = AppDelegate.swift; sourceTree = "<group>"; };
		CE5DF148266D8B46009071D3 /* SceneDelegate.swift */ = {isa = PBXFileReference; lastKnownFileType = sourcecode.swift; path = SceneDelegate.swift; sourceTree = "<group>"; };
		CE5DF14A266D8B46009071D3 /* ViewController.swift */ = {isa = PBXFileReference; lastKnownFileType = sourcecode.swift; path = ViewController.swift; sourceTree = "<group>"; };
		CE5DF14D266D8B46009071D3 /* Base */ = {isa = PBXFileReference; lastKnownFileType = file.storyboard; name = Base; path = Base.lproj/Main.storyboard; sourceTree = "<group>"; };
		CE5DF14F266D8B49009071D3 /* Assets.xcassets */ = {isa = PBXFileReference; lastKnownFileType = folder.assetcatalog; path = Assets.xcassets; sourceTree = "<group>"; };
		CE5DF152266D8B49009071D3 /* Base */ = {isa = PBXFileReference; lastKnownFileType = file.storyboard; name = Base; path = Base.lproj/LaunchScreen.storyboard; sourceTree = "<group>"; };
		CE5DF154266D8B49009071D3 /* Info.plist */ = {isa = PBXFileReference; lastKnownFileType = text.plist.xml; path = Info.plist; sourceTree = "<group>"; };
		CE5DF166266D9409009071D3 /* MeetingTableViewCell.swift */ = {isa = PBXFileReference; lastKnownFileType = sourcecode.swift; path = MeetingTableViewCell.swift; sourceTree = "<group>"; };
		CE5DF167266D9409009071D3 /* MeetingTableViewCell.xib */ = {isa = PBXFileReference; lastKnownFileType = file.xib; path = MeetingTableViewCell.xib; sourceTree = "<group>"; };
		CE5DF16D266DA893009071D3 /* MeetingModel.swift */ = {isa = PBXFileReference; lastKnownFileType = sourcecode.swift; path = MeetingModel.swift; sourceTree = "<group>"; };
		CE5DF171266DA910009071D3 /* MeetingBaseList.swift */ = {isa = PBXFileReference; lastKnownFileType = sourcecode.swift; path = MeetingBaseList.swift; sourceTree = "<group>"; };
		CE5DF174266DBF18009071D3 /* AdditionViewController.swift */ = {isa = PBXFileReference; lastKnownFileType = sourcecode.swift; path = AdditionViewController.swift; sourceTree = "<group>"; };
		CE5DF175266DBF18009071D3 /* AdditionViewController.xib */ = {isa = PBXFileReference; lastKnownFileType = file.xib; path = AdditionViewController.xib; sourceTree = "<group>"; };
		CE5DF17B266E23D3009071D3 /* MeetingDetailViewController.swift */ = {isa = PBXFileReference; lastKnownFileType = sourcecode.swift; path = MeetingDetailViewController.swift; sourceTree = "<group>"; };
		CE5DF17E266EFF7B009071D3 /* AvailableRoomsViewController.swift */ = {isa = PBXFileReference; lastKnownFileType = sourcecode.swift; path = AvailableRoomsViewController.swift; sourceTree = "<group>"; };
		CE5DF189266F0193009071D3 /* AvailableRoomsTableViewCell.swift */ = {isa = PBXFileReference; lastKnownFileType = sourcecode.swift; path = AvailableRoomsTableViewCell.swift; sourceTree = "<group>"; };
		CE5DF18A266F0193009071D3 /* AvailableRoomsTableViewCell.xib */ = {isa = PBXFileReference; lastKnownFileType = file.xib; path = AvailableRoomsTableViewCell.xib; sourceTree = "<group>"; };
/* End PBXFileReference section */

/* Begin PBXFrameworksBuildPhase section */
		CE5DF140266D8B46009071D3 /* Frameworks */ = {
			isa = PBXFrameworksBuildPhase;
			buildActionMask = 2147483647;
			files = (
			);
			runOnlyForDeploymentPostprocessing = 0;
		};
/* End PBXFrameworksBuildPhase section */

/* Begin PBXGroup section */
		CE5DF13A266D8B46009071D3 = {
			isa = PBXGroup;
			children = (
				CE5DF145266D8B46009071D3 /* MeetingTimerNote */,
				CE5DF144266D8B46009071D3 /* Products */,
			);
			sourceTree = "<group>";
		};
		CE5DF144266D8B46009071D3 /* Products */ = {
			isa = PBXGroup;
			children = (
				CE5DF143266D8B46009071D3 /* MeetingTimerNote.app */,
			);
			name = Products;
			sourceTree = "<group>";
		};
		CE5DF145266D8B46009071D3 /* MeetingTimerNote */ = {
			isa = PBXGroup;
			children = (
				CE5DF16C266DA882009071D3 /* Model */,
				CE5DF15E266D9324009071D3 /* Base */,
				CE5DF15B266D92FF009071D3 /* Controller */,
				CE5DF15D266D930C009071D3 /* View */,
				CE5DF14F266D8B49009071D3 /* Assets.xcassets */,
				CE5DF154266D8B49009071D3 /* Info.plist */,
			);
			path = MeetingTimerNote;
			sourceTree = "<group>";
		};
		CE5DF15B266D92FF009071D3 /* Controller */ = {
			isa = PBXGroup;
			children = (
				CE5DF174266DBF18009071D3 /* AdditionViewController.swift */,
				CE5DF14A266D8B46009071D3 /* ViewController.swift */,
				CE5DF166266D9409009071D3 /* MeetingTableViewCell.swift */,
				CE5DF17B266E23D3009071D3 /* MeetingDetailViewController.swift */,
				CE5DF189266F0193009071D3 /* AvailableRoomsTableViewCell.swift */,
				CE5DF17E266EFF7B009071D3 /* AvailableRoomsViewController.swift */,
			);
			path = Controller;
			sourceTree = "<group>";
		};
		CE5DF15D266D930C009071D3 /* View */ = {
			isa = PBXGroup;
			children = (
				CE5DF151266D8B49009071D3 /* LaunchScreen.storyboard */,
				CE5DF18E266F01A2009071D3 /* Cells */,
				CE5DF175266DBF18009071D3 /* AdditionViewController.xib */,
				CE5DF14C266D8B46009071D3 /* Main.storyboard */,
			);
			path = View;
			sourceTree = "<group>";
		};
		CE5DF15E266D9324009071D3 /* Base */ = {
			isa = PBXGroup;
			children = (
				CE5DF146266D8B46009071D3 /* AppDelegate.swift */,
				CE5DF148266D8B46009071D3 /* SceneDelegate.swift */,
			);
			path = Base;
			sourceTree = "<group>";
		};
		CE5DF16C266DA882009071D3 /* Model */ = {
			isa = PBXGroup;
			children = (
				CE5DF16D266DA893009071D3 /* MeetingModel.swift */,
				CE5DF171266DA910009071D3 /* MeetingBaseList.swift */,
			);
			path = Model;
			sourceTree = "<group>";
		};
		CE5DF18E266F01A2009071D3 /* Cells */ = {
			isa = PBXGroup;
			children = (
				CE5DF18A266F0193009071D3 /* AvailableRoomsTableViewCell.xib */,
				CE5DF167266D9409009071D3 /* MeetingTableViewCell.xib */,
			);
			path = Cells;
			sourceTree = "<group>";
		};
/* End PBXGroup section */

/* Begin PBXNativeTarget section */
		CE5DF142266D8B46009071D3 /* MeetingTimerNote */ = {
			isa = PBXNativeTarget;
			buildConfigurationList = CE5DF157266D8B49009071D3 /* Build configuration list for PBXNativeTarget "MeetingTimerNote" */;
			buildPhases = (
				CE5DF13F266D8B46009071D3 /* Sources */,
				CE5DF140266D8B46009071D3 /* Frameworks */,
				CE5DF141266D8B46009071D3 /* Resources */,
			);
			buildRules = (
			);
			dependencies = (
			);
			name = MeetingTimerNote;
			productName = MeetingTimerNote;
			productReference = CE5DF143266D8B46009071D3 /* MeetingTimerNote.app */;
			productType = "com.apple.product-type.application";
		};
/* End PBXNativeTarget section */

/* Begin PBXProject section */
		CE5DF13B266D8B46009071D3 /* Project object */ = {
			isa = PBXProject;
			attributes = {
				LastSwiftUpdateCheck = 1240;
				LastUpgradeCheck = 1240;
				TargetAttributes = {
					CE5DF142266D8B46009071D3 = {
						CreatedOnToolsVersion = 12.4;
					};
				};
			};
			buildConfigurationList = CE5DF13E266D8B46009071D3 /* Build configuration list for PBXProject "MeetingTimerNote" */;
			compatibilityVersion = "Xcode 9.3";
			developmentRegion = en;
			hasScannedForEncodings = 0;
			knownRegions = (
				en,
				Base,
			);
			mainGroup = CE5DF13A266D8B46009071D3;
			productRefGroup = CE5DF144266D8B46009071D3 /* Products */;
			projectDirPath = "";
			projectRoot = "";
			targets = (
				CE5DF142266D8B46009071D3 /* MeetingTimerNote */,
			);
		};
/* End PBXProject section */

/* Begin PBXResourcesBuildPhase section */
		CE5DF141266D8B46009071D3 /* Resources */ = {
			isa = PBXResourcesBuildPhase;
			buildActionMask = 2147483647;
			files = (
				CE5DF153266D8B49009071D3 /* LaunchScreen.storyboard in Resources */,
				CE5DF177266DBF18009071D3 /* AdditionViewController.xib in Resources */,
				CE5DF18C266F0193009071D3 /* AvailableRoomsTableViewCell.xib in Resources */,
				CE5DF169266D9409009071D3 /* MeetingTableViewCell.xib in Resources */,
				CE5DF150266D8B49009071D3 /* Assets.xcassets in Resources */,
				CE5DF14E266D8B46009071D3 /* Main.storyboard in Resources */,
			);
			runOnlyForDeploymentPostprocessing = 0;
		};
/* End PBXResourcesBuildPhase section */

/* Begin PBXSourcesBuildPhase section */
		CE5DF13F266D8B46009071D3 /* Sources */ = {
			isa = PBXSourcesBuildPhase;
			buildActionMask = 2147483647;
			files = (
				CE5DF14B266D8B46009071D3 /* ViewController.swift in Sources */,
				CE5DF17F266EFF7B009071D3 /* AvailableRoomsViewController.swift in Sources */,
				CE5DF168266D9409009071D3 /* MeetingTableViewCell.swift in Sources */,
				CE5DF172266DA910009071D3 /* MeetingBaseList.swift in Sources */,
				CE5DF147266D8B46009071D3 /* AppDelegate.swift in Sources */,
				CE5DF149266D8B46009071D3 /* SceneDelegate.swift in Sources */,
				CE5DF18B266F0193009071D3 /* AvailableRoomsTableViewCell.swift in Sources */,
				CE5DF17C266E23D3009071D3 /* MeetingDetailViewController.swift in Sources */,
				CE5DF176266DBF18009071D3 /* AdditionViewController.swift in Sources */,
				CE5DF16E266DA893009071D3 /* MeetingModel.swift in Sources */,
			);
			runOnlyForDeploymentPostprocessing = 0;
		};
/* End PBXSourcesBuildPhase section */

/* Begin PBXVariantGroup section */
		CE5DF14C266D8B46009071D3 /* Main.storyboard */ = {
			isa = PBXVariantGroup;
			children = (
				CE5DF14D266D8B46009071D3 /* Base */,
			);
			name = Main.storyboard;
			sourceTree = "<group>";
		};
		CE5DF151266D8B49009071D3 /* LaunchScreen.storyboard */ = {
			isa = PBXVariantGroup;
			children = (
				CE5DF152266D8B49009071D3 /* Base */,
			);
			name = LaunchScreen.storyboard;
			sourceTree = "<group>";
		};
/* End PBXVariantGroup section */

/* Begin XCBuildConfiguration section */
		CE5DF155266D8B49009071D3 /* Debug */ = {
			isa = XCBuildConfiguration;
			buildSettings = {
				ALWAYS_SEARCH_USER_PATHS = NO;
				CLANG_ANALYZER_NONNULL = YES;
				CLANG_ANALYZER_NUMBER_OBJECT_CONVERSION = YES_AGGRESSIVE;
				CLANG_CXX_LANGUAGE_STANDARD = "gnu++14";
				CLANG_CXX_LIBRARY = "libc++";
				CLANG_ENABLE_MODULES = YES;
				CLANG_ENABLE_OBJC_ARC = YES;
				CLANG_ENABLE_OBJC_WEAK = YES;
				CLANG_WARN_BLOCK_CAPTURE_AUTORELEASING = YES;
				CLANG_WARN_BOOL_CONVERSION = YES;
				CLANG_WARN_COMMA = YES;
				CLANG_WARN_CONSTANT_CONVERSION = YES;
				CLANG_WARN_DEPRECATED_OBJC_IMPLEMENTATIONS = YES;
				CLANG_WARN_DIRECT_OBJC_ISA_USAGE = YES_ERROR;
				CLANG_WARN_DOCUMENTATION_COMMENTS = YES;
				CLANG_WARN_EMPTY_BODY = YES;
				CLANG_WARN_ENUM_CONVERSION = YES;
				CLANG_WARN_INFINITE_RECURSION = YES;
				CLANG_WARN_INT_CONVERSION = YES;
				CLANG_WARN_NON_LITERAL_NULL_CONVERSION = YES;
				CLANG_WARN_OBJC_IMPLICIT_RETAIN_SELF = YES;
				CLANG_WARN_OBJC_LITERAL_CONVERSION = YES;
				CLANG_WARN_OBJC_ROOT_CLASS = YES_ERROR;
				CLANG_WARN_QUOTED_INCLUDE_IN_FRAMEWORK_HEADER = YES;
				CLANG_WARN_RANGE_LOOP_ANALYSIS = YES;
				CLANG_WARN_STRICT_PROTOTYPES = YES;
				CLANG_WARN_SUSPICIOUS_MOVE = YES;
				CLANG_WARN_UNGUARDED_AVAILABILITY = YES_AGGRESSIVE;
				CLANG_WARN_UNREACHABLE_CODE = YES;
				CLANG_WARN__DUPLICATE_METHOD_MATCH = YES;
				COPY_PHASE_STRIP = NO;
				DEBUG_INFORMATION_FORMAT = dwarf;
				ENABLE_STRICT_OBJC_MSGSEND = YES;
				ENABLE_TESTABILITY = YES;
				GCC_C_LANGUAGE_STANDARD = gnu11;
				GCC_DYNAMIC_NO_PIC = NO;
				GCC_NO_COMMON_BLOCKS = YES;
				GCC_OPTIMIZATION_LEVEL = 0;
				GCC_PREPROCESSOR_DEFINITIONS = (
					"DEBUG=1",
					"$(inherited)",
				);
				GCC_WARN_64_TO_32_BIT_CONVERSION = YES;
				GCC_WARN_ABOUT_RETURN_TYPE = YES_ERROR;
				GCC_WARN_UNDECLARED_SELECTOR = YES;
				GCC_WARN_UNINITIALIZED_AUTOS = YES_AGGRESSIVE;
				GCC_WARN_UNUSED_FUNCTION = YES;
				GCC_WARN_UNUSED_VARIABLE = YES;
				IPHONEOS_DEPLOYMENT_TARGET = 14.4;
				MTL_ENABLE_DEBUG_INFO = INCLUDE_SOURCE;
				MTL_FAST_MATH = YES;
				ONLY_ACTIVE_ARCH = YES;
				SDKROOT = iphoneos;
				SWIFT_ACTIVE_COMPILATION_CONDITIONS = DEBUG;
				SWIFT_OPTIMIZATION_LEVEL = "-Onone";
			};
			name = Debug;
		};
		CE5DF156266D8B49009071D3 /* Release */ = {
			isa = XCBuildConfiguration;
			buildSettings = {
				ALWAYS_SEARCH_USER_PATHS = NO;
				CLANG_ANALYZER_NONNULL = YES;
				CLANG_ANALYZER_NUMBER_OBJECT_CONVERSION = YES_AGGRESSIVE;
				CLANG_CXX_LANGUAGE_STANDARD = "gnu++14";
				CLANG_CXX_LIBRARY = "libc++";
				CLANG_ENABLE_MODULES = YES;
				CLANG_ENABLE_OBJC_ARC = YES;
				CLANG_ENABLE_OBJC_WEAK = YES;
				CLANG_WARN_BLOCK_CAPTURE_AUTORELEASING = YES;
				CLANG_WARN_BOOL_CONVERSION = YES;
				CLANG_WARN_COMMA = YES;
				CLANG_WARN_CONSTANT_CONVERSION = YES;
				CLANG_WARN_DEPRECATED_OBJC_IMPLEMENTATIONS = YES;
				CLANG_WARN_DIRECT_OBJC_ISA_USAGE = YES_ERROR;
				CLANG_WARN_DOCUMENTATION_COMMENTS = YES;
				CLANG_WARN_EMPTY_BODY = YES;
				CLANG_WARN_ENUM_CONVERSION = YES;
				CLANG_WARN_INFINITE_RECURSION = YES;
				CLANG_WARN_INT_CONVERSION = YES;
				CLANG_WARN_NON_LITERAL_NULL_CONVERSION = YES;
				CLANG_WARN_OBJC_IMPLICIT_RETAIN_SELF = YES;
				CLANG_WARN_OBJC_LITERAL_CONVERSION = YES;
				CLANG_WARN_OBJC_ROOT_CLASS = YES_ERROR;
				CLANG_WARN_QUOTED_INCLUDE_IN_FRAMEWORK_HEADER = YES;
				CLANG_WARN_RANGE_LOOP_ANALYSIS = YES;
				CLANG_WARN_STRICT_PROTOTYPES = YES;
				CLANG_WARN_SUSPICIOUS_MOVE = YES;
				CLANG_WARN_UNGUARDED_AVAILABILITY = YES_AGGRESSIVE;
				CLANG_WARN_UNREACHABLE_CODE = YES;
				CLANG_WARN__DUPLICATE_METHOD_MATCH = YES;
				COPY_PHASE_STRIP = NO;
				DEBUG_INFORMATION_FORMAT = "dwarf-with-dsym";
				ENABLE_NS_ASSERTIONS = NO;
				ENABLE_STRICT_OBJC_MSGSEND = YES;
				GCC_C_LANGUAGE_STANDARD = gnu11;
				GCC_NO_COMMON_BLOCKS = YES;
				GCC_WARN_64_TO_32_BIT_CONVERSION = YES;
				GCC_WARN_ABOUT_RETURN_TYPE = YES_ERROR;
				GCC_WARN_UNDECLARED_SELECTOR = YES;
				GCC_WARN_UNINITIALIZED_AUTOS = YES_AGGRESSIVE;
				GCC_WARN_UNUSED_FUNCTION = YES;
				GCC_WARN_UNUSED_VARIABLE = YES;
				IPHONEOS_DEPLOYMENT_TARGET = 14.4;
				MTL_ENABLE_DEBUG_INFO = NO;
				MTL_FAST_MATH = YES;
				SDKROOT = iphoneos;
				SWIFT_COMPILATION_MODE = wholemodule;
				SWIFT_OPTIMIZATION_LEVEL = "-O";
				VALIDATE_PRODUCT = YES;
			};
			name = Release;
		};
		CE5DF158266D8B49009071D3 /* Debug */ = {
			isa = XCBuildConfiguration;
			buildSettings = {
				ASSETCATALOG_COMPILER_APPICON_NAME = AppIcon;
				ASSETCATALOG_COMPILER_GLOBAL_ACCENT_COLOR_NAME = AccentColor;
				CODE_SIGN_STYLE = Automatic;
				INFOPLIST_FILE = MeetingTimerNote/Info.plist;
				IPHONEOS_DEPLOYMENT_TARGET = 14.4;
				LD_RUNPATH_SEARCH_PATHS = (
					"$(inherited)",
					"@executable_path/Frameworks",
				);
				PRODUCT_BUNDLE_IDENTIFIER = myself.MeetingTimerNote;
				PRODUCT_NAME = "$(TARGET_NAME)";
				SWIFT_VERSION = 5.0;
				TARGETED_DEVICE_FAMILY = "1,2";
			};
			name = Debug;
		};
		CE5DF159266D8B49009071D3 /* Release */ = {
			isa = XCBuildConfiguration;
			buildSettings = {
				ASSETCATALOG_COMPILER_APPICON_NAME = AppIcon;
				ASSETCATALOG_COMPILER_GLOBAL_ACCENT_COLOR_NAME = AccentColor;
				CODE_SIGN_STYLE = Automatic;
				INFOPLIST_FILE = MeetingTimerNote/Info.plist;
				IPHONEOS_DEPLOYMENT_TARGET = 14.4;
				LD_RUNPATH_SEARCH_PATHS = (
					"$(inherited)",
					"@executable_path/Frameworks",
				);
				PRODUCT_BUNDLE_IDENTIFIER = myself.MeetingTimerNote;
				PRODUCT_NAME = "$(TARGET_NAME)";
				SWIFT_VERSION = 5.0;
				TARGETED_DEVICE_FAMILY = "1,2";
			};
			name = Release;
		};
/* End XCBuildConfiguration section */

/* Begin XCConfigurationList section */
		CE5DF13E266D8B46009071D3 /* Build configuration list for PBXProject "MeetingTimerNote" */ = {
			isa = XCConfigurationList;
			buildConfigurations = (
				CE5DF155266D8B49009071D3 /* Debug */,
				CE5DF156266D8B49009071D3 /* Release */,
			);
			defaultConfigurationIsVisible = 0;
			defaultConfigurationName = Release;
		};
		CE5DF157266D8B49009071D3 /* Build configuration list for PBXNativeTarget "MeetingTimerNote" */ = {
			isa = XCConfigurationList;
			buildConfigurations = (
				CE5DF158266D8B49009071D3 /* Debug */,
				CE5DF159266D8B49009071D3 /* Release */,
			);
			defaultConfigurationIsVisible = 0;
			defaultConfigurationName = Release;
		};
/* End XCConfigurationList section */
	};
	rootObject = CE5DF13B266D8B46009071D3 /* Project object */;
}
